// !$*UTF8*$!
{
	archiveVersion = 1;
	classes = {
	};
	objectVersion = 55;
	objects = {

/* Begin PBXBuildFile section */
		F52B8E0428C2F5AE0017E8AF /* AppDelegate.swift in Sources */ = {isa = PBXBuildFile; fileRef = F52B8E0328C2F5AE0017E8AF /* AppDelegate.swift */; };
		F52B8E0628C2F5AE0017E8AF /* SceneDelegate.swift in Sources */ = {isa = PBXBuildFile; fileRef = F52B8E0528C2F5AE0017E8AF /* SceneDelegate.swift */; };
		F52B8E0828C2F5AE0017E8AF /* FavotiteListViewController.swift in Sources */ = {isa = PBXBuildFile; fileRef = F52B8E0728C2F5AE0017E8AF /* FavotiteListViewController.swift */; };
		F52B8E0B28C2F5AE0017E8AF /* Main.storyboard in Resources */ = {isa = PBXBuildFile; fileRef = F52B8E0928C2F5AE0017E8AF /* Main.storyboard */; };
		F52B8E0D28C2F5B10017E8AF /* Assets.xcassets in Resources */ = {isa = PBXBuildFile; fileRef = F52B8E0C28C2F5B10017E8AF /* Assets.xcassets */; };
		F52B8E1028C2F5B10017E8AF /* LaunchScreen.storyboard in Resources */ = {isa = PBXBuildFile; fileRef = F52B8E0E28C2F5B10017E8AF /* LaunchScreen.storyboard */; };
		F550752728C5B35C00ACE96F /* Movie.swift in Sources */ = {isa = PBXBuildFile; fileRef = F550752628C5B35C00ACE96F /* Movie.swift */; };
/* End PBXBuildFile section */

/* Begin PBXFileReference section */
		F52B8E0028C2F5AE0017E8AF /* Exitek.app */ = {isa = PBXFileReference; explicitFileType = wrapper.application; includeInIndex = 0; path = Exitek.app; sourceTree = BUILT_PRODUCTS_DIR; };
		F52B8E0328C2F5AE0017E8AF /* AppDelegate.swift */ = {isa = PBXFileReference; lastKnownFileType = sourcecode.swift; path = AppDelegate.swift; sourceTree = "<group>"; };
		F52B8E0528C2F5AE0017E8AF /* SceneDelegate.swift */ = {isa = PBXFileReference; lastKnownFileType = sourcecode.swift; path = SceneDelegate.swift; sourceTree = "<group>"; };
		F52B8E0728C2F5AE0017E8AF /* FavotiteListViewController.swift */ = {isa = PBXFileReference; lastKnownFileType = sourcecode.swift; path = FavotiteListViewController.swift; sourceTree = "<group>"; };
		F52B8E0A28C2F5AE0017E8AF /* Base */ = {isa = PBXFileReference; lastKnownFileType = file.storyboard; name = Base; path = Base.lproj/Main.storyboard; sourceTree = "<group>"; };
		F52B8E0C28C2F5B10017E8AF /* Assets.xcassets */ = {isa = PBXFileReference; lastKnownFileType = folder.assetcatalog; path = Assets.xcassets; sourceTree = "<group>"; };
		F52B8E0F28C2F5B10017E8AF /* Base */ = {isa = PBXFileReference; lastKnownFileType = file.storyboard; name = Base; path = Base.lproj/LaunchScreen.storyboard; sourceTree = "<group>"; };
		F52B8E1128C2F5B10017E8AF /* Info.plist */ = {isa = PBXFileReference; lastKnownFileType = text.plist.xml; path = Info.plist; sourceTree = "<group>"; };
		F550752628C5B35C00ACE96F /* Movie.swift */ = {isa = PBXFileReference; lastKnownFileType = sourcecode.swift; path = Movie.swift; sourceTree = "<group>"; };
/* End PBXFileReference section */

/* Begin PBXFrameworksBuildPhase section */
		F52B8DFD28C2F5AE0017E8AF /* Frameworks */ = {
			isa = PBXFrameworksBuildPhase;
			buildActionMask = 2147483647;
			files = (
			);
			runOnlyForDeploymentPostprocessing = 0;
		};
/* End PBXFrameworksBuildPhase section */

/* Begin PBXGroup section */
		F52B8DF728C2F5AE0017E8AF = {
			isa = PBXGroup;
			children = (
				F52B8E0228C2F5AE0017E8AF /* Exitek */,
				F52B8E0128C2F5AE0017E8AF /* Products */,
			);
			sourceTree = "<group>";
		};
		F52B8E0128C2F5AE0017E8AF /* Products */ = {
			isa = PBXGroup;
			children = (
				F52B8E0028C2F5AE0017E8AF /* Exitek.app */,
			);
			name = Products;
			sourceTree = "<group>";
		};
		F52B8E0228C2F5AE0017E8AF /* Exitek */ = {
			isa = PBXGroup;
			children = (
				F52B8E0328C2F5AE0017E8AF /* AppDelegate.swift */,
				F52B8E0528C2F5AE0017E8AF /* SceneDelegate.swift */,
				F52B8E0728C2F5AE0017E8AF /* FavotiteListViewController.swift */,
				F52B8E0928C2F5AE0017E8AF /* Main.storyboard */,
				F52B8E0C28C2F5B10017E8AF /* Assets.xcassets */,
				F52B8E0E28C2F5B10017E8AF /* LaunchScreen.storyboard */,
				F52B8E1128C2F5B10017E8AF /* Info.plist */,
				F550752628C5B35C00ACE96F /* Movie.swift */,
			);
			path = Exitek;
			sourceTree = "<group>";
		};
/* End PBXGroup section */

/* Begin PBXNativeTarget section */
		F52B8DFF28C2F5AE0017E8AF /* Exitek */ = {
			isa = PBXNativeTarget;
			buildConfigurationList = F52B8E1428C2F5B10017E8AF /* Build configuration list for PBXNativeTarget "Exitek" */;
			buildPhases = (
				F52B8DFC28C2F5AE0017E8AF /* Sources */,
				F52B8DFD28C2F5AE0017E8AF /* Frameworks */,
				F52B8DFE28C2F5AE0017E8AF /* Resources */,
			);
			buildRules = (
			);
			dependencies = (
			);
			name = Exitek;
			productName = Exitek;
			productReference = F52B8E0028C2F5AE0017E8AF /* Exitek.app */;
			productType = "com.apple.product-type.application";
		};
/* End PBXNativeTarget section */

/* Begin PBXProject section */
		F52B8DF828C2F5AE0017E8AF /* Project object */ = {
			isa = PBXProject;
			attributes = {
				BuildIndependentTargetsInParallel = 1;
				LastSwiftUpdateCheck = 1340;
				LastUpgradeCheck = 1340;
				TargetAttributes = {
					F52B8DFF28C2F5AE0017E8AF = {
						CreatedOnToolsVersion = 13.4.1;
					};
				};
			};
			buildConfigurationList = F52B8DFB28C2F5AE0017E8AF /* Build configuration list for PBXProject "Exitek" */;
			compatibilityVersion = "Xcode 13.0";
			developmentRegion = en;
			hasScannedForEncodings = 0;
			knownRegions = (
				en,
				Base,
			);
			mainGroup = F52B8DF728C2F5AE0017E8AF;
			productRefGroup = F52B8E0128C2F5AE0017E8AF /* Products */;
			projectDirPath = "";
			projectRoot = "";
			targets = (
				F52B8DFF28C2F5AE0017E8AF /* Exitek */,
			);
		};
/* End PBXProject section */

/* Begin PBXResourcesBuildPhase section */
		F52B8DFE28C2F5AE0017E8AF /* Resources */ = {
			isa = PBXResourcesBuildPhase;
			buildActionMask = 2147483647;
			files = (
				F52B8E1028C2F5B10017E8AF /* LaunchScreen.storyboard in Resources */,
				F52B8E0D28C2F5B10017E8AF /* Assets.xcassets in Resources */,
				F52B8E0B28C2F5AE0017E8AF /* Main.storyboard in Resources */,
			);
			runOnlyForDeploymentPostprocessing = 0;
		};
/* End PBXResourcesBuildPhase section */

/* Begin PBXSourcesBuildPhase section */
		F52B8DFC28C2F5AE0017E8AF /* Sources */ = {
			isa = PBXSourcesBuildPhase;
			buildActionMask = 2147483647;
			files = (
				F52B8E0828C2F5AE0017E8AF /* FavotiteListViewController.swift in Sources */,
				F52B8E0428C2F5AE0017E8AF /* AppDelegate.swift in Sources */,
				F550752728C5B35C00ACE96F /* Movie.swift in Sources */,
				F52B8E0628C2F5AE0017E8AF /* SceneDelegate.swift in Sources */,
			);
			runOnlyForDeploymentPostprocessing = 0;
		};
/* End PBXSourcesBuildPhase section */

/* Begin PBXVariantGroup section */
		F52B8E0928C2F5AE0017E8AF /* Main.storyboard */ = {
			isa = PBXVariantGroup;
			children = (
				F52B8E0A28C2F5AE0017E8AF /* Base */,
			);
			name = Main.storyboard;
			sourceTree = "<group>";
		};
		F52B8E0E28C2F5B10017E8AF /* LaunchScreen.storyboard */ = {
			isa = PBXVariantGroup;
			children = (
				F52B8E0F28C2F5B10017E8AF /* Base */,
			);
			name = LaunchScreen.storyboard;
			sourceTree = "<group>";
		};
/* End PBXVariantGroup section */

/* Begin XCBuildConfiguration section */
		F52B8E1228C2F5B10017E8AF /* Debug */ = {
			isa = XCBuildConfiguration;
			buildSettings = {
				ALWAYS_SEARCH_USER_PATHS = NO;
				CLANG_ANALYZER_NONNULL = YES;
				CLANG_ANALYZER_NUMBER_OBJECT_CONVERSION = YES_AGGRESSIVE;
				CLANG_CXX_LANGUAGE_STANDARD = "gnu++17";
				CLANG_ENABLE_MODULES = YES;
				CLANG_ENABLE_OBJC_ARC = YES;
				CLANG_ENABLE_OBJC_WEAK = YES;
				CLANG_WARN_BLOCK_CAPTURE_AUTORELEASING = YES;
				CLANG_WARN_BOOL_CONVERSION = YES;
				CLANG_WARN_COMMA = YES;
				CLANG_WARN_CONSTANT_CONVERSION = YES;
				CLANG_WARN_DEPRECATED_OBJC_IMPLEMENTATIONS = YES;
				CLANG_WARN_DIRECT_OBJC_ISA_USAGE = YES_ERROR;
				CLANG_WARN_DOCUMENTATION_COMMENTS = YES;
				CLANG_WARN_EMPTY_BODY = YES;
				CLANG_WARN_ENUM_CONVERSION = YES;
				CLANG_WARN_INFINITE_RECURSION = YES;
				CLANG_WARN_INT_CONVERSION = YES;
				CLANG_WARN_NON_LITERAL_NULL_CONVERSION = YES;
				CLANG_WARN_OBJC_IMPLICIT_RETAIN_SELF = YES;
				CLANG_WARN_OBJC_LITERAL_CONVERSION = YES;
				CLANG_WARN_OBJC_ROOT_CLASS = YES_ERROR;
				CLANG_WARN_QUOTED_INCLUDE_IN_FRAMEWORK_HEADER = YES;
				CLANG_WARN_RANGE_LOOP_ANALYSIS = YES;
				CLANG_WARN_STRICT_PROTOTYPES = YES;
				CLANG_WARN_SUSPICIOUS_MOVE = YES;
				CLANG_WARN_UNGUARDED_AVAILABILITY = YES_AGGRESSIVE;
				CLANG_WARN_UNREACHABLE_CODE = YES;
				CLANG_WARN__DUPLICATE_METHOD_MATCH = YES;
				COPY_PHASE_STRIP = NO;
				DEBUG_INFORMATION_FORMAT = dwarf;
				ENABLE_STRICT_OBJC_MSGSEND = YES;
				ENABLE_TESTABILITY = YES;
				GCC_C_LANGUAGE_STANDARD = gnu11;
				GCC_DYNAMIC_NO_PIC = NO;
				GCC_NO_COMMON_BLOCKS = YES;
				GCC_OPTIMIZATION_LEVEL = 0;
				GCC_PREPROCESSOR_DEFINITIONS = (
					"DEBUG=1",
					"$(inherited)",
				);
				GCC_WARN_64_TO_32_BIT_CONVERSION = YES;
				GCC_WARN_ABOUT_RETURN_TYPE = YES_ERROR;
				GCC_WARN_UNDECLARED_SELECTOR = YES;
				GCC_WARN_UNINITIALIZED_AUTOS = YES_AGGRESSIVE;
				GCC_WARN_UNUSED_FUNCTION = YES;
				GCC_WARN_UNUSED_VARIABLE = YES;
				IPHONEOS_DEPLOYMENT_TARGET = 15.5;
				MTL_ENABLE_DEBUG_INFO = INCLUDE_SOURCE;
				MTL_FAST_MATH = YES;
				ONLY_ACTIVE_ARCH = YES;
				SDKROOT = iphoneos;
				SWIFT_ACTIVE_COMPILATION_CONDITIONS = DEBUG;
				SWIFT_OPTIMIZATION_LEVEL = "-Onone";
			};
			name = Debug;
		};
		F52B8E1328C2F5B10017E8AF /* Release */ = {
			isa = XCBuildConfiguration;
			buildSettings = {
				ALWAYS_SEARCH_USER_PATHS = NO;
				CLANG_ANALYZER_NONNULL = YES;
				CLANG_ANALYZER_NUMBER_OBJECT_CONVERSION = YES_AGGRESSIVE;
				CLANG_CXX_LANGUAGE_STANDARD = "gnu++17";
				CLANG_ENABLE_MODULES = YES;
				CLANG_ENABLE_OBJC_ARC = YES;
				CLANG_ENABLE_OBJC_WEAK = YES;
				CLANG_WARN_BLOCK_CAPTURE_AUTORELEASING = YES;
				CLANG_WARN_BOOL_CONVERSION = YES;
				CLANG_WARN_COMMA = YES;
				CLANG_WARN_CONSTANT_CONVERSION = YES;
				CLANG_WARN_DEPRECATED_OBJC_IMPLEMENTATIONS = YES;
				CLANG_WARN_DIRECT_OBJC_ISA_USAGE = YES_ERROR;
				CLANG_WARN_DOCUMENTATION_COMMENTS = YES;
				CLANG_WARN_EMPTY_BODY = YES;
				CLANG_WARN_ENUM_CONVERSION = YES;
				CLANG_WARN_INFINITE_RECURSION = YES;
				CLANG_WARN_INT_CONVERSION = YES;
				CLANG_WARN_NON_LITERAL_NULL_CONVERSION = YES;
				CLANG_WARN_OBJC_IMPLICIT_RETAIN_SELF = YES;
				CLANG_WARN_OBJC_LITERAL_CONVERSION = YES;
				CLANG_WARN_OBJC_ROOT_CLASS = YES_ERROR;
				CLANG_WARN_QUOTED_INCLUDE_IN_FRAMEWORK_HEADER = YES;
				CLANG_WARN_RANGE_LOOP_ANALYSIS = YES;
				CLANG_WARN_STRICT_PROTOTYPES = YES;
				CLANG_WARN_SUSPICIOUS_MOVE = YES;
				CLANG_WARN_UNGUARDED_AVAILABILITY = YES_AGGRESSIVE;
				CLANG_WARN_UNREACHABLE_CODE = YES;
				CLANG_WARN__DUPLICATE_METHOD_MATCH = YES;
				COPY_PHASE_STRIP = NO;
				DEBUG_INFORMATION_FORMAT = "dwarf-with-dsym";
				ENABLE_NS_ASSERTIONS = NO;
				ENABLE_STRICT_OBJC_MSGSEND = YES;
				GCC_C_LANGUAGE_STANDARD = gnu11;
				GCC_NO_COMMON_BLOCKS = YES;
				GCC_WARN_64_TO_32_BIT_CONVERSION = YES;
				GCC_WARN_ABOUT_RETURN_TYPE = YES_ERROR;
				GCC_WARN_UNDECLARED_SELECTOR = YES;
				GCC_WARN_UNINITIALIZED_AUTOS = YES_AGGRESSIVE;
				GCC_WARN_UNUSED_FUNCTION = YES;
				GCC_WARN_UNUSED_VARIABLE = YES;
				IPHONEOS_DEPLOYMENT_TARGET = 15.5;
				MTL_ENABLE_DEBUG_INFO = NO;
				MTL_FAST_MATH = YES;
				SDKROOT = iphoneos;
				SWIFT_COMPILATION_MODE = wholemodule;
				SWIFT_OPTIMIZATION_LEVEL = "-O";
				VALIDATE_PRODUCT = YES;
			};
			name = Release;
		};
		F52B8E1528C2F5B10017E8AF /* Debug */ = {
			isa = XCBuildConfiguration;
			buildSettings = {
				ASSETCATALOG_COMPILER_APPICON_NAME = AppIcon;
				ASSETCATALOG_COMPILER_GLOBAL_ACCENT_COLOR_NAME = AccentColor;
				CODE_SIGN_STYLE = Automatic;
				CURRENT_PROJECT_VERSION = 1;
				DEVELOPMENT_TEAM = MW7BWD8BCQ;
				GENERATE_INFOPLIST_FILE = YES;
				INFOPLIST_FILE = Exitek/Info.plist;
				INFOPLIST_KEY_UIApplicationSupportsIndirectInputEvents = YES;
				INFOPLIST_KEY_UILaunchStoryboardName = LaunchScreen;
				INFOPLIST_KEY_UIMainStoryboardFile = Main;
				INFOPLIST_KEY_UISupportedInterfaceOrientations_iPad = "UIInterfaceOrientationPortrait UIInterfaceOrientationPortraitUpsideDown UIInterfaceOrientationLandscapeLeft UIInterfaceOrientationLandscapeRight";
				INFOPLIST_KEY_UISupportedInterfaceOrientations_iPhone = "UIInterfaceOrientationPortrait UIInterfaceOrientationLandscapeLeft UIInterfaceOrientationLandscapeRight";
				LD_RUNPATH_SEARCH_PATHS = (
					"$(inherited)",
					"@executable_path/Frameworks",
				);
				MARKETING_VERSION = 1.0;
				PRODUCT_BUNDLE_IDENTIFIER = com.hikikomorinobaka.Exitek;
				PRODUCT_NAME = "$(TARGET_NAME)";
				SWIFT_EMIT_LOC_STRINGS = YES;
				SWIFT_VERSION = 5.0;
				TARGETED_DEVICE_FAMILY = 1;
			};
			name = Debug;
		};
		F52B8E1628C2F5B10017E8AF /* Release */ = {
			isa = XCBuildConfiguration;
			buildSettings = {
				ASSETCATALOG_COMPILER_APPICON_NAME = AppIcon;
				ASSETCATALOG_COMPILER_GLOBAL_ACCENT_COLOR_NAME = AccentColor;
				CODE_SIGN_STYLE = Automatic;
				CURRENT_PROJECT_VERSION = 1;
				DEVELOPMENT_TEAM = MW7BWD8BCQ;
				GENERATE_INFOPLIST_FILE = YES;
				INFOPLIST_FILE = Exitek/Info.plist;
				INFOPLIST_KEY_UIApplicationSupportsIndirectInputEvents = YES;
				INFOPLIST_KEY_UILaunchStoryboardName = LaunchScreen;
				INFOPLIST_KEY_UIMainStoryboardFile = Main;
				INFOPLIST_KEY_UISupportedInterfaceOrientations_iPad = "UIInterfaceOrientationPortrait UIInterfaceOrientationPortraitUpsideDown UIInterfaceOrientationLandscapeLeft UIInterfaceOrientationLandscapeRight";
				INFOPLIST_KEY_UISupportedInterfaceOrientations_iPhone = "UIInterfaceOrientationPortrait UIInterfaceOrientationLandscapeLeft UIInterfaceOrientationLandscapeRight";
				LD_RUNPATH_SEARCH_PATHS = (
					"$(inherited)",
					"@executable_path/Frameworks",
				);
				MARKETING_VERSION = 1.0;
				PRODUCT_BUNDLE_IDENTIFIER = com.hikikomorinobaka.Exitek;
				PRODUCT_NAME = "$(TARGET_NAME)";
				SWIFT_EMIT_LOC_STRINGS = YES;
				SWIFT_VERSION = 5.0;
				TARGETED_DEVICE_FAMILY = 1;
			};
			name = Release;
		};
/* End XCBuildConfiguration section */

/* Begin XCConfigurationList section */
		F52B8DFB28C2F5AE0017E8AF /* Build configuration list for PBXProject "Exitek" */ = {
			isa = XCConfigurationList;
			buildConfigurations = (
				F52B8E1228C2F5B10017E8AF /* Debug */,
				F52B8E1328C2F5B10017E8AF /* Release */,
			);
			defaultConfigurationIsVisible = 0;
			defaultConfigurationName = Release;
		};
		F52B8E1428C2F5B10017E8AF /* Build configuration list for PBXNativeTarget "Exitek" */ = {
			isa = XCConfigurationList;
			buildConfigurations = (
				F52B8E1528C2F5B10017E8AF /* Debug */,
				F52B8E1628C2F5B10017E8AF /* Release */,
			);
			defaultConfigurationIsVisible = 0;
			defaultConfigurationName = Release;
		};
/* End XCConfigurationList section */
	};
	rootObject = F52B8DF828C2F5AE0017E8AF /* Project object */;
}
